
Microsoft Visual Studio Solution File, Format Version 12.00
# Visual Studio Version 17
VisualStudioVersion = 17.3.32929.385
MinimumVisualStudioVersion = 10.0.40219.1
Project("{8BC9CEB8-8B4A-11D0-8D11-00A0C91BC942}") = "FF minus VII funct_no_comments", "FF minus VII funct_no_comments.vcxproj", "{D00C0A4C-E403-4CB6-91C6-ACE23CCB4BEB}"
EndProject
Global
	GlobalSection(SolutionConfigurationPlatforms) = preSolution
		Debug|x64 = Debug|x64
		Debug|x86 = Debug|x86
		Release|x64 = Release|x64
		Release|x86 = Release|x86
	EndGlobalSection
	GlobalSection(ProjectConfigurationPlatforms) = postSolution
		{D00C0A4C-E403-4CB6-91C6-ACE23CCB4BEB}.Debug|x64.ActiveCfg = Debug|x64
		{D00C0A4C-E403-4CB6-91C6-ACE23CCB4BEB}.Debug|x64.Build.0 = Debug|x64
		{D00C0A4C-E403-4CB6-91C6-ACE23CCB4BEB}.Debug|x86.ActiveCfg = Debug|Win32
		{D00C0A4C-E403-4CB6-91C6-ACE23CCB4BEB}.Debug|x86.Build.0 = Debug|Win32
		{D00C0A4C-E403-4CB6-91C6-ACE23CCB4BEB}.Release|x64.ActiveCfg = Release|x64
		{D00C0A4C-E403-4CB6-91C6-ACE23CCB4BEB}.Release|x64.Build.0 = Release|x64
		{D00C0A4C-E403-4CB6-91C6-ACE23CCB4BEB}.Release|x86.ActiveCfg = Release|Win32
		{D00C0A4C-E403-4CB6-91C6-ACE23CCB4BEB}.Release|x86.Build.0 = Release|Win32
	EndGlobalSection
	GlobalSection(SolutionProperties) = preSolution
		HideSolutionNode = FALSE
	EndGlobalSection
	GlobalSection(ExtensibilityGlobals) = postSolution
		SolutionGuid = {6B2F441D-7151-4E04-89C1-64BB0FD003B1}
	EndGlobalSection
EndGlobal
